Microsoft Visual Studio Solution File, Format Version 12.00
# Visual Studio Version 17
VisualStudioVersion = 17.0.0.0
MinimumVisualStudioVersion = 17.0.0.0
Project("{9A19103F-16F7-4668-BE54-9A1E7A4F7556}") = "SignalF.WebApp", "SignalF.WebApp\SignalF.WebApp.csproj", "{1A95F80A-659F-4DC6-B3C7-07C4551B97E0}"
EndProject
Global
	GlobalSection(SolutionConfigurationPlatforms) = preSolution
		Debug|Any CPU = Debug|Any CPU
		Release|Any CPU = Release|Any CPU
	EndGlobalSection
	GlobalSection(ProjectConfigurationPlatforms) = postSolution
		{1A95F80A-659F-4DC6-B3C7-07C4551B97E0}.Debug|Any CPU.ActiveCfg = Debug|Any CPU
		{1A95F80A-659F-4DC6-B3C7-07C4551B97E0}.Debug|Any CPU.Build.0 = Debug|Any CPU
		{1A95F80A-659F-4DC6-B3C7-07C4551B97E0}.Release|Any CPU.ActiveCfg = Release|Any CPU
		{1A95F80A-659F-4DC6-B3C7-07C4551B97E0}.Release|Any CPU.Build.0 = Release|Any CPU
	EndGlobalSection
	GlobalSection(SolutionProperties) = preSolution
		HideSolutionNode = FALSE
	EndGlobalSection
	GlobalSection(ExtensibilityGlobals) = postSolution
		SolutionGuid = {4E9D6048-FFFC-4CB7-A351-9E57A6596D87}
	EndGlobalSection
EndGlobal
